
Microsoft Visual Studio Solution File, Format Version 12.00
# Visual Studio Version 17
VisualStudioVersion = 17.7.34003.232
MinimumVisualStudioVersion = 10.0.40219.1
Project("{FAE04EC0-301F-11D3-BF4B-00C04F79EFBC}") = "LoginRegister", "LoginRegister\LoginRegister.csproj", "{A3332A73-B595-4C00-AC58-CC0DDAC200D5}"
EndProject
Global
	GlobalSection(SolutionConfigurationPlatforms) = preSolution
		Debug|Any CPU = Debug|Any CPU
		Release|Any CPU = Release|Any CPU
	EndGlobalSection
	GlobalSection(ProjectConfigurationPlatforms) = postSolution
		{A3332A73-B595-4C00-AC58-CC0DDAC200D5}.Debug|Any CPU.ActiveCfg = Debug|Any CPU
		{A3332A73-B595-4C00-AC58-CC0DDAC200D5}.Debug|Any CPU.Build.0 = Debug|Any CPU
		{A3332A73-B595-4C00-AC58-CC0DDAC200D5}.Release|Any CPU.ActiveCfg = Release|Any CPU
		{A3332A73-B595-4C00-AC58-CC0DDAC200D5}.Release|Any CPU.Build.0 = Release|Any CPU
	EndGlobalSection
	GlobalSection(SolutionProperties) = preSolution
		HideSolutionNode = FALSE
	EndGlobalSection
	GlobalSection(ExtensibilityGlobals) = postSolution
		SolutionGuid = {F8577B0A-FF5D-433C-96CF-0A9DF562FD1A}
	EndGlobalSection
EndGlobal
